
Microsoft Visual Studio Solution File, Format Version 12.00
# Visual Studio 2013
VisualStudioVersion = 12.0.21005.1
MinimumVisualStudioVersion = 10.0.40219.1
Project("{8BC9CEB8-8B4A-11D0-8D11-00A0C91BC942}") = "Slist", "Slist\Slist.vcxproj", "{859DDA82-1146-4820-90C8-109E6C77CAC8}"
EndProject
Global
	GlobalSection(SolutionConfigurationPlatforms) = preSolution
		Debug|Win32 = Debug|Win32
		Release|Win32 = Release|Win32
	EndGlobalSection
	GlobalSection(ProjectConfigurationPlatforms) = postSolution
		{859DDA82-1146-4820-90C8-109E6C77CAC8}.Debug|Win32.ActiveCfg = Debug|Win32
		{859DDA82-1146-4820-90C8-109E6C77CAC8}.Debug|Win32.Build.0 = Debug|Win32
		{859DDA82-1146-4820-90C8-109E6C77CAC8}.Release|Win32.ActiveCfg = Release|Win32
		{859DDA82-1146-4820-90C8-109E6C77CAC8}.Release|Win32.Build.0 = Release|Win32
	EndGlobalSection
	GlobalSection(SolutionProperties) = preSolution
		HideSolutionNode = FALSE
	EndGlobalSection
EndGlobal
